{
  "version": 4,
  "terraform_version": "1.4.6",
  "serial": 1,
  "lineage": "c39d3d1f-4d37-1be0-5024-f4d668742319",
  "outputs": {
    "hello_script_path": {
      "value": "hello.py",
      "type": "string"
    }
  },
  "resources": [
    {
      "mode": "managed",
      "type": "local_file",
      "name": "hello_script",
      "provider": "provider[\"registry.terraform.io/hashicorp/local\"]",
      "instances": [
        {
          "schema_version": 0,
          "attributes": {
            "content": "print('Witaj, świecie!')",
            "content_base64": null,
            "content_base64sha256": "jk/d8rh4OjcUeiaXI9Snl7TY1YBbm15cVjOa8ZIi+ZQ=",
            "content_base64sha512": "6N9bl9fzFDciOjUW/BPihSCdt5IwLGJFW+6oP4KwFAJ2xYQAypDSBDds2yOQbN1DS9DCsRljbp5FRiPLr2n1Xw==",
            "content_md5": "289001ffc0e6f14682eed2e9a3d4b109",
            "content_sha1": "816b6efb6d5ade4edd269dfa34037d6fe258dce4",
            "content_sha256": "8e4fddf2b8783a37147a269723d4a797b4d8d5805b9b5e5c56339af19222f994",
            "content_sha512": "e8df5b97d7f31437223a3516fc13e285209db792302c62455beea83f82b0140276c58400ca90d204376cdb23906cdd434bd0c2b119636e9e454623cbaf69f55f",
            "directory_permission": "0777",
            "file_permission": "0777",
            "filename": "hello.py",
            "id": "816b6efb6d5ade4edd269dfa34037d6fe258dce4",
            "sensitive_content": null,
            "source": null
          },
          "sensitive_attributes": []
        }
      ]
    }
  ],
  "check_results": null
}
